// !$*UTF8*$!
{
	archiveVersion = 1;
	classes = {
	};
	objectVersion = 48;
	objects = {

/* Begin PBXBuildFile section */
		AACB6E702057D2720088994F /* AppDelegate.m in Sources */ = {isa = PBXBuildFile; fileRef = AACB6E6F2057D2720088994F /* AppDelegate.m */; };
		AACB6E732057D2720088994F /* ViewController.m in Sources */ = {isa = PBXBuildFile; fileRef = AACB6E722057D2720088994F /* ViewController.m */; };
		AACB6E762057D2720088994F /* Main.storyboard in Resources */ = {isa = PBXBuildFile; fileRef = AACB6E742057D2720088994F /* Main.storyboard */; };
		AACB6E782057D2720088994F /* Assets.xcassets in Resources */ = {isa = PBXBuildFile; fileRef = AACB6E772057D2720088994F /* Assets.xcassets */; };
		AACB6E7B2057D2720088994F /* LaunchScreen.storyboard in Resources */ = {isa = PBXBuildFile; fileRef = AACB6E792057D2720088994F /* LaunchScreen.storyboard */; };
		AACB6E7E2057D2720088994F /* main.m in Sources */ = {isa = PBXBuildFile; fileRef = AACB6E7D2057D2720088994F /* main.m */; };
		AACB6E962057D40A0088994F /* MHSuperNavItemBGView.m in Sources */ = {isa = PBXBuildFile; fileRef = AACB6E912057D40A0088994F /* MHSuperNavItemBGView.m */; };
		AACB6E972057D40A0088994F /* UIViewController+MHNavBarBGView.m in Sources */ = {isa = PBXBuildFile; fileRef = AACB6E942057D40A0088994F /* UIViewController+MHNavBarBGView.m */; };
		AACB6E992057D4760088994F /* MHNavBarItemModel.m in Sources */ = {isa = PBXBuildFile; fileRef = AACB6E8E2057D40A0088994F /* MHNavBarItemModel.m */; };
		AACB6E9E2057E6160088994F /* MHDefaultItemTitleBGView.m in Sources */ = {isa = PBXBuildFile; fileRef = AACB6E9C2057E6160088994F /* MHDefaultItemTitleBGView.m */; };
		AACB6E9F2057E6160088994F /* MHDefaultItemTitleBGView.xib in Resources */ = {isa = PBXBuildFile; fileRef = AACB6E9D2057E6160088994F /* MHDefaultItemTitleBGView.xib */; };
		AACB6EA52057E79F0088994F /* NSString+MHStringUtil.m in Sources */ = {isa = PBXBuildFile; fileRef = AACB6EA22057E79F0088994F /* NSString+MHStringUtil.m */; };
		AACB6EA62057E79F0088994F /* UILabel+MHLabelUtil.m in Sources */ = {isa = PBXBuildFile; fileRef = AACB6EA42057E79F0088994F /* UILabel+MHLabelUtil.m */; };
/* End PBXBuildFile section */

/* Begin PBXFileReference section */
		AACB6E6B2057D2720088994F /* MHNavigationBar.app */ = {isa = PBXFileReference; explicitFileType = wrapper.application; includeInIndex = 0; path = MHNavigationBar.app; sourceTree = BUILT_PRODUCTS_DIR; };
		AACB6E6E2057D2720088994F /* AppDelegate.h */ = {isa = PBXFileReference; lastKnownFileType = sourcecode.c.h; path = AppDelegate.h; sourceTree = "<group>"; };
		AACB6E6F2057D2720088994F /* AppDelegate.m */ = {isa = PBXFileReference; lastKnownFileType = sourcecode.c.objc; path = AppDelegate.m; sourceTree = "<group>"; };
		AACB6E712057D2720088994F /* ViewController.h */ = {isa = PBXFileReference; lastKnownFileType = sourcecode.c.h; path = ViewController.h; sourceTree = "<group>"; };
		AACB6E722057D2720088994F /* ViewController.m */ = {isa = PBXFileReference; lastKnownFileType = sourcecode.c.objc; path = ViewController.m; sourceTree = "<group>"; };
		AACB6E752057D2720088994F /* Base */ = {isa = PBXFileReference; lastKnownFileType = file.storyboard; name = Base; path = Base.lproj/Main.storyboard; sourceTree = "<group>"; };
		AACB6E772057D2720088994F /* Assets.xcassets */ = {isa = PBXFileReference; lastKnownFileType = folder.assetcatalog; path = Assets.xcassets; sourceTree = "<group>"; };
		AACB6E7A2057D2720088994F /* Base */ = {isa = PBXFileReference; lastKnownFileType = file.storyboard; name = Base; path = Base.lproj/LaunchScreen.storyboard; sourceTree = "<group>"; };
		AACB6E7C2057D2720088994F /* Info.plist */ = {isa = PBXFileReference; lastKnownFileType = text.plist.xml; path = Info.plist; sourceTree = "<group>"; };
		AACB6E7D2057D2720088994F /* main.m */ = {isa = PBXFileReference; lastKnownFileType = sourcecode.c.objc; path = main.m; sourceTree = "<group>"; };
		AACB6E8D2057D40A0088994F /* MHNavBarItemModel.h */ = {isa = PBXFileReference; fileEncoding = 4; lastKnownFileType = sourcecode.c.h; path = MHNavBarItemModel.h; sourceTree = "<group>"; };
		AACB6E8E2057D40A0088994F /* MHNavBarItemModel.m */ = {isa = PBXFileReference; fileEncoding = 4; lastKnownFileType = sourcecode.c.objc; path = MHNavBarItemModel.m; sourceTree = "<group>"; };
		AACB6E902057D40A0088994F /* MHSuperNavItemBGView.h */ = {isa = PBXFileReference; fileEncoding = 4; lastKnownFileType = sourcecode.c.h; path = MHSuperNavItemBGView.h; sourceTree = "<group>"; };
		AACB6E912057D40A0088994F /* MHSuperNavItemBGView.m */ = {isa = PBXFileReference; fileEncoding = 4; lastKnownFileType = sourcecode.c.objc; path = MHSuperNavItemBGView.m; sourceTree = "<group>"; };
		AACB6E932057D40A0088994F /* UIViewController+MHNavBarBGView.h */ = {isa = PBXFileReference; fileEncoding = 4; lastKnownFileType = sourcecode.c.h; path = "UIViewController+MHNavBarBGView.h"; sourceTree = "<group>"; };
		AACB6E942057D40A0088994F /* UIViewController+MHNavBarBGView.m */ = {isa = PBXFileReference; fileEncoding = 4; lastKnownFileType = sourcecode.c.objc; path = "UIViewController+MHNavBarBGView.m"; sourceTree = "<group>"; };
		AACB6E9A2057DF190088994F /* MHDefines.h */ = {isa = PBXFileReference; lastKnownFileType = sourcecode.c.h; path = MHDefines.h; sourceTree = "<group>"; };
		AACB6E9B2057E6160088994F /* MHDefaultItemTitleBGView.h */ = {isa = PBXFileReference; fileEncoding = 4; lastKnownFileType = sourcecode.c.h; path = MHDefaultItemTitleBGView.h; sourceTree = "<group>"; };
		AACB6E9C2057E6160088994F /* MHDefaultItemTitleBGView.m */ = {isa = PBXFileReference; fileEncoding = 4; lastKnownFileType = sourcecode.c.objc; path = MHDefaultItemTitleBGView.m; sourceTree = "<group>"; };
		AACB6E9D2057E6160088994F /* MHDefaultItemTitleBGView.xib */ = {isa = PBXFileReference; fileEncoding = 4; lastKnownFileType = file.xib; path = MHDefaultItemTitleBGView.xib; sourceTree = "<group>"; };
		AACB6EA12057E79F0088994F /* NSString+MHStringUtil.h */ = {isa = PBXFileReference; fileEncoding = 4; lastKnownFileType = sourcecode.c.h; path = "NSString+MHStringUtil.h"; sourceTree = "<group>"; };
		AACB6EA22057E79F0088994F /* NSString+MHStringUtil.m */ = {isa = PBXFileReference; fileEncoding = 4; lastKnownFileType = sourcecode.c.objc; path = "NSString+MHStringUtil.m"; sourceTree = "<group>"; };
		AACB6EA32057E79F0088994F /* UILabel+MHLabelUtil.h */ = {isa = PBXFileReference; fileEncoding = 4; lastKnownFileType = sourcecode.c.h; path = "UILabel+MHLabelUtil.h"; sourceTree = "<group>"; };
		AACB6EA42057E79F0088994F /* UILabel+MHLabelUtil.m */ = {isa = PBXFileReference; fileEncoding = 4; lastKnownFileType = sourcecode.c.objc; path = "UILabel+MHLabelUtil.m"; sourceTree = "<group>"; };
/* End PBXFileReference section */

/* Begin PBXFrameworksBuildPhase section */
		AACB6E682057D2720088994F /* Frameworks */ = {
			isa = PBXFrameworksBuildPhase;
			buildActionMask = 2147483647;
			files = (
			);
			runOnlyForDeploymentPostprocessing = 0;
		};
/* End PBXFrameworksBuildPhase section */

/* Begin PBXGroup section */
		AACB6E622057D2720088994F = {
			isa = PBXGroup;
			children = (
				AACB6E8B2057D40A0088994F /* Class */,
				AACB6E6D2057D2720088994F /* MHNavigationBar */,
				AACB6E6C2057D2720088994F /* Products */,
			);
			sourceTree = "<group>";
		};
		AACB6E6C2057D2720088994F /* Products */ = {
			isa = PBXGroup;
			children = (
				AACB6E6B2057D2720088994F /* MHNavigationBar.app */,
			);
			name = Products;
			sourceTree = "<group>";
		};
		AACB6E6D2057D2720088994F /* MHNavigationBar */ = {
			isa = PBXGroup;
			children = (
				AACB6E6E2057D2720088994F /* AppDelegate.h */,
				AACB6E6F2057D2720088994F /* AppDelegate.m */,
				AACB6E712057D2720088994F /* ViewController.h */,
				AACB6E722057D2720088994F /* ViewController.m */,
				AACB6E742057D2720088994F /* Main.storyboard */,
				AACB6E772057D2720088994F /* Assets.xcassets */,
				AACB6E792057D2720088994F /* LaunchScreen.storyboard */,
				AACB6E7C2057D2720088994F /* Info.plist */,
				AACB6E7D2057D2720088994F /* main.m */,
			);
			path = MHNavigationBar;
			sourceTree = "<group>";
		};
		AACB6E8B2057D40A0088994F /* Class */ = {
			isa = PBXGroup;
			children = (
				AACB6E9A2057DF190088994F /* MHDefines.h */,
				AACB6EA02057E79F0088994F /* Utils */,
				AACB6E8C2057D40A0088994F /* Model */,
				AACB6E8F2057D40A0088994F /* View */,
				AACB6E922057D40A0088994F /* ViewController */,
			);
			path = Class;
			sourceTree = "<group>";
		};
		AACB6E8C2057D40A0088994F /* Model */ = {
			isa = PBXGroup;
			children = (
				AACB6E8D2057D40A0088994F /* MHNavBarItemModel.h */,
				AACB6E8E2057D40A0088994F /* MHNavBarItemModel.m */,
			);
			path = Model;
			sourceTree = "<group>";
		};
		AACB6E8F2057D40A0088994F /* View */ = {
			isa = PBXGroup;
			children = (
				AACB6E9B2057E6160088994F /* MHDefaultItemTitleBGView.h */,
				AACB6E9C2057E6160088994F /* MHDefaultItemTitleBGView.m */,
				AACB6E9D2057E6160088994F /* MHDefaultItemTitleBGView.xib */,
				AACB6E902057D40A0088994F /* MHSuperNavItemBGView.h */,
				AACB6E912057D40A0088994F /* MHSuperNavItemBGView.m */,
			);
			path = View;
			sourceTree = "<group>";
		};
		AACB6E922057D40A0088994F /* ViewController */ = {
			isa = PBXGroup;
			children = (
				AACB6E932057D40A0088994F /* UIViewController+MHNavBarBGView.h */,
				AACB6E942057D40A0088994F /* UIViewController+MHNavBarBGView.m */,
			);
			path = ViewController;
			sourceTree = "<group>";
		};
		AACB6EA02057E79F0088994F /* Utils */ = {
			isa = PBXGroup;
			children = (
				AACB6EA12057E79F0088994F /* NSString+MHStringUtil.h */,
				AACB6EA22057E79F0088994F /* NSString+MHStringUtil.m */,
				AACB6EA32057E79F0088994F /* UILabel+MHLabelUtil.h */,
				AACB6EA42057E79F0088994F /* UILabel+MHLabelUtil.m */,
			);
			path = Utils;
			sourceTree = "<group>";
		};
/* End PBXGroup section */

/* Begin PBXNativeTarget section */
		AACB6E6A2057D2720088994F /* MHNavigationBar */ = {
			isa = PBXNativeTarget;
			buildConfigurationList = AACB6E812057D2720088994F /* Build configuration list for PBXNativeTarget "MHNavigationBar" */;
			buildPhases = (
				AACB6E672057D2720088994F /* Sources */,
				AACB6E682057D2720088994F /* Frameworks */,
				AACB6E692057D2720088994F /* Resources */,
			);
			buildRules = (
			);
			dependencies = (
			);
			name = MHNavigationBar;
			productName = MHNavigationBar;
			productReference = AACB6E6B2057D2720088994F /* MHNavigationBar.app */;
			productType = "com.apple.product-type.application";
		};
/* End PBXNativeTarget section */

/* Begin PBXProject section */
		AACB6E632057D2720088994F /* Project object */ = {
			isa = PBXProject;
			attributes = {
				LastUpgradeCheck = 0920;
				ORGANIZATIONNAME = 4creater;
				TargetAttributes = {
					AACB6E6A2057D2720088994F = {
						CreatedOnToolsVersion = 9.2;
						ProvisioningStyle = Automatic;
					};
				};
			};
			buildConfigurationList = AACB6E662057D2720088994F /* Build configuration list for PBXProject "MHNavigationBar" */;
			compatibilityVersion = "Xcode 8.0";
			developmentRegion = en;
			hasScannedForEncodings = 0;
			knownRegions = (
				en,
				Base,
			);
			mainGroup = AACB6E622057D2720088994F;
			productRefGroup = AACB6E6C2057D2720088994F /* Products */;
			projectDirPath = "";
			projectRoot = "";
			targets = (
				AACB6E6A2057D2720088994F /* MHNavigationBar */,
			);
		};
/* End PBXProject section */

/* Begin PBXResourcesBuildPhase section */
		AACB6E692057D2720088994F /* Resources */ = {
			isa = PBXResourcesBuildPhase;
			buildActionMask = 2147483647;
			files = (
				AACB6E9F2057E6160088994F /* MHDefaultItemTitleBGView.xib in Resources */,
				AACB6E7B2057D2720088994F /* LaunchScreen.storyboard in Resources */,
				AACB6E782057D2720088994F /* Assets.xcassets in Resources */,
				AACB6E762057D2720088994F /* Main.storyboard in Resources */,
			);
			runOnlyForDeploymentPostprocessing = 0;
		};
/* End PBXResourcesBuildPhase section */

/* Begin PBXSourcesBuildPhase section */
		AACB6E672057D2720088994F /* Sources */ = {
			isa = PBXSourcesBuildPhase;
			buildActionMask = 2147483647;
			files = (
				AACB6E732057D2720088994F /* ViewController.m in Sources */,
				AACB6E7E2057D2720088994F /* main.m in Sources */,
				AACB6E9E2057E6160088994F /* MHDefaultItemTitleBGView.m in Sources */,
				AACB6E702057D2720088994F /* AppDelegate.m in Sources */,
				AACB6EA62057E79F0088994F /* UILabel+MHLabelUtil.m in Sources */,
				AACB6E962057D40A0088994F /* MHSuperNavItemBGView.m in Sources */,
				AACB6E972057D40A0088994F /* UIViewController+MHNavBarBGView.m in Sources */,
				AACB6E992057D4760088994F /* MHNavBarItemModel.m in Sources */,
				AACB6EA52057E79F0088994F /* NSString+MHStringUtil.m in Sources */,
			);
			runOnlyForDeploymentPostprocessing = 0;
		};
/* End PBXSourcesBuildPhase section */

/* Begin PBXVariantGroup section */
		AACB6E742057D2720088994F /* Main.storyboard */ = {
			isa = PBXVariantGroup;
			children = (
				AACB6E752057D2720088994F /* Base */,
			);
			name = Main.storyboard;
			sourceTree = "<group>";
		};
		AACB6E792057D2720088994F /* LaunchScreen.storyboard */ = {
			isa = PBXVariantGroup;
			children = (
				AACB6E7A2057D2720088994F /* Base */,
			);
			name = LaunchScreen.storyboard;
			sourceTree = "<group>";
		};
/* End PBXVariantGroup section */

/* Begin XCBuildConfiguration section */
		AACB6E7F2057D2720088994F /* Debug */ = {
			isa = XCBuildConfiguration;
			buildSettings = {
				ALWAYS_SEARCH_USER_PATHS = NO;
				CLANG_ANALYZER_NONNULL = YES;
				CLANG_ANALYZER_NUMBER_OBJECT_CONVERSION = YES_AGGRESSIVE;
				CLANG_CXX_LANGUAGE_STANDARD = "gnu++14";
				CLANG_CXX_LIBRARY = "libc++";
				CLANG_ENABLE_MODULES = YES;
				CLANG_ENABLE_OBJC_ARC = YES;
				CLANG_WARN_BLOCK_CAPTURE_AUTORELEASING = YES;
				CLANG_WARN_BOOL_CONVERSION = YES;
				CLANG_WARN_COMMA = YES;
				CLANG_WARN_CONSTANT_CONVERSION = YES;
				CLANG_WARN_DIRECT_OBJC_ISA_USAGE = YES_ERROR;
				CLANG_WARN_DOCUMENTATION_COMMENTS = YES;
				CLANG_WARN_EMPTY_BODY = YES;
				CLANG_WARN_ENUM_CONVERSION = YES;
				CLANG_WARN_INFINITE_RECURSION = YES;
				CLANG_WARN_INT_CONVERSION = YES;
				CLANG_WARN_NON_LITERAL_NULL_CONVERSION = YES;
				CLANG_WARN_OBJC_LITERAL_CONVERSION = YES;
				CLANG_WARN_OBJC_ROOT_CLASS = YES_ERROR;
				CLANG_WARN_RANGE_LOOP_ANALYSIS = YES;
				CLANG_WARN_STRICT_PROTOTYPES = YES;
				CLANG_WARN_SUSPICIOUS_MOVE = YES;
				CLANG_WARN_UNGUARDED_AVAILABILITY = YES_AGGRESSIVE;
				CLANG_WARN_UNREACHABLE_CODE = YES;
				CLANG_WARN__DUPLICATE_METHOD_MATCH = YES;
				CODE_SIGN_IDENTITY = "iPhone Developer";
				COPY_PHASE_STRIP = NO;
				DEBUG_INFORMATION_FORMAT = dwarf;
				ENABLE_STRICT_OBJC_MSGSEND = YES;
				ENABLE_TESTABILITY = YES;
				GCC_C_LANGUAGE_STANDARD = gnu11;
				GCC_DYNAMIC_NO_PIC = NO;
				GCC_NO_COMMON_BLOCKS = YES;
				GCC_OPTIMIZATION_LEVEL = 0;
				GCC_PREPROCESSOR_DEFINITIONS = (
					"DEBUG=1",
					"$(inherited)",
				);
				GCC_WARN_64_TO_32_BIT_CONVERSION = YES;
				GCC_WARN_ABOUT_RETURN_TYPE = YES_ERROR;
				GCC_WARN_UNDECLARED_SELECTOR = YES;
				GCC_WARN_UNINITIALIZED_AUTOS = YES_AGGRESSIVE;
				GCC_WARN_UNUSED_FUNCTION = YES;
				GCC_WARN_UNUSED_VARIABLE = YES;
				IPHONEOS_DEPLOYMENT_TARGET = 11.2;
				MTL_ENABLE_DEBUG_INFO = YES;
				ONLY_ACTIVE_ARCH = YES;
				SDKROOT = iphoneos;
			};
			name = Debug;
		};
		AACB6E802057D2720088994F /* Release */ = {
			isa = XCBuildConfiguration;
			buildSettings = {
				ALWAYS_SEARCH_USER_PATHS = NO;
				CLANG_ANALYZER_NONNULL = YES;
				CLANG_ANALYZER_NUMBER_OBJECT_CONVERSION = YES_AGGRESSIVE;
				CLANG_CXX_LANGUAGE_STANDARD = "gnu++14";
				CLANG_CXX_LIBRARY = "libc++";
				CLANG_ENABLE_MODULES = YES;
				CLANG_ENABLE_OBJC_ARC = YES;
				CLANG_WARN_BLOCK_CAPTURE_AUTORELEASING = YES;
				CLANG_WARN_BOOL_CONVERSION = YES;
				CLANG_WARN_COMMA = YES;
				CLANG_WARN_CONSTANT_CONVERSION = YES;
				CLANG_WARN_DIRECT_OBJC_ISA_USAGE = YES_ERROR;
				CLANG_WARN_DOCUMENTATION_COMMENTS = YES;
				CLANG_WARN_EMPTY_BODY = YES;
				CLANG_WARN_ENUM_CONVERSION = YES;
				CLANG_WARN_INFINITE_RECURSION = YES;
				CLANG_WARN_INT_CONVERSION = YES;
				CLANG_WARN_NON_LITERAL_NULL_CONVERSION = YES;
				CLANG_WARN_OBJC_LITERAL_CONVERSION = YES;
				CLANG_WARN_OBJC_ROOT_CLASS = YES_ERROR;
				CLANG_WARN_RANGE_LOOP_ANALYSIS = YES;
				CLANG_WARN_STRICT_PROTOTYPES = YES;
				CLANG_WARN_SUSPICIOUS_MOVE = YES;
				CLANG_WARN_UNGUARDED_AVAILABILITY = YES_AGGRESSIVE;
				CLANG_WARN_UNREACHABLE_CODE = YES;
				CLANG_WARN__DUPLICATE_METHOD_MATCH = YES;
				CODE_SIGN_IDENTITY = "iPhone Developer";
				COPY_PHASE_STRIP = NO;
				DEBUG_INFORMATION_FORMAT = "dwarf-with-dsym";
				ENABLE_NS_ASSERTIONS = NO;
				ENABLE_STRICT_OBJC_MSGSEND = YES;
				GCC_C_LANGUAGE_STANDARD = gnu11;
				GCC_NO_COMMON_BLOCKS = YES;
				GCC_WARN_64_TO_32_BIT_CONVERSION = YES;
				GCC_WARN_ABOUT_RETURN_TYPE = YES_ERROR;
				GCC_WARN_UNDECLARED_SELECTOR = YES;
				GCC_WARN_UNINITIALIZED_AUTOS = YES_AGGRESSIVE;
				GCC_WARN_UNUSED_FUNCTION = YES;
				GCC_WARN_UNUSED_VARIABLE = YES;
				IPHONEOS_DEPLOYMENT_TARGET = 11.2;
				MTL_ENABLE_DEBUG_INFO = NO;
				SDKROOT = iphoneos;
				VALIDATE_PRODUCT = YES;
			};
			name = Release;
		};
		AACB6E822057D2720088994F /* Debug */ = {
			isa = XCBuildConfiguration;
			buildSettings = {
				ASSETCATALOG_COMPILER_APPICON_NAME = AppIcon;
				CODE_SIGN_STYLE = Automatic;
				DEVELOPMENT_TEAM = VDN7XNKWC3;
				INFOPLIST_FILE = MHNavigationBar/Info.plist;
				LD_RUNPATH_SEARCH_PATHS = "$(inherited) @executable_path/Frameworks";
				PRODUCT_BUNDLE_IDENTIFIER = com.4creater.MHNavigationBar;
				PRODUCT_NAME = "$(TARGET_NAME)";
				TARGETED_DEVICE_FAMILY = "1,2";
			};
			name = Debug;
		};
		AACB6E832057D2720088994F /* Release */ = {
			isa = XCBuildConfiguration;
			buildSettings = {
				ASSETCATALOG_COMPILER_APPICON_NAME = AppIcon;
				CODE_SIGN_STYLE = Automatic;
				DEVELOPMENT_TEAM = VDN7XNKWC3;
				INFOPLIST_FILE = MHNavigationBar/Info.plist;
				LD_RUNPATH_SEARCH_PATHS = "$(inherited) @executable_path/Frameworks";
				PRODUCT_BUNDLE_IDENTIFIER = com.4creater.MHNavigationBar;
				PRODUCT_NAME = "$(TARGET_NAME)";
				TARGETED_DEVICE_FAMILY = "1,2";
			};
			name = Release;
		};
/* End XCBuildConfiguration section */

/* Begin XCConfigurationList section */
		AACB6E662057D2720088994F /* Build configuration list for PBXProject "MHNavigationBar" */ = {
			isa = XCConfigurationList;
			buildConfigurations = (
				AACB6E7F2057D2720088994F /* Debug */,
				AACB6E802057D2720088994F /* Release */,
			);
			defaultConfigurationIsVisible = 0;
			defaultConfigurationName = Release;
		};
		AACB6E812057D2720088994F /* Build configuration list for PBXNativeTarget "MHNavigationBar" */ = {
			isa = XCConfigurationList;
			buildConfigurations = (
				AACB6E822057D2720088994F /* Debug */,
				AACB6E832057D2720088994F /* Release */,
			);
			defaultConfigurationIsVisible = 0;
			defaultConfigurationName = Release;
		};
/* End XCConfigurationList section */
	};
	rootObject = AACB6E632057D2720088994F /* Project object */;
}
